
Microsoft Visual Studio Solution File, Format Version 12.00
# Visual Studio Version 16
VisualStudioVersion = 16.0.31911.196
MinimumVisualStudioVersion = 10.0.40219.1
Project("{FAE04EC0-301F-11D3-BF4B-00C04F79EFBC}") = "ChessConsole", "ChessConsole\ChessConsole.csproj", "{EABCBDE0-7D0F-41A6-A2A9-EA0D70F4FE3C}"
EndProject
Project("{FAE04EC0-301F-11D3-BF4B-00C04F79EFBC}") = "ChessBoardModel", "ChessBoardModel\ChessBoardModel.csproj", "{C1E3DDBA-4ACB-4B22-9011-9EFAAA82B4EE}"
EndProject
Project("{FAE04EC0-301F-11D3-BF4B-00C04F79EFBC}") = "chessGUI", "chessGUI\chessGUI.csproj", "{34B64E51-2AE4-40A7-84C7-94ADB1589039}"
EndProject
Global
	GlobalSection(SolutionConfigurationPlatforms) = preSolution
		Debug|Any CPU = Debug|Any CPU
		Release|Any CPU = Release|Any CPU
	EndGlobalSection
	GlobalSection(ProjectConfigurationPlatforms) = postSolution
		{EABCBDE0-7D0F-41A6-A2A9-EA0D70F4FE3C}.Debug|Any CPU.ActiveCfg = Debug|Any CPU
		{EABCBDE0-7D0F-41A6-A2A9-EA0D70F4FE3C}.Debug|Any CPU.Build.0 = Debug|Any CPU
		{EABCBDE0-7D0F-41A6-A2A9-EA0D70F4FE3C}.Release|Any CPU.ActiveCfg = Release|Any CPU
		{EABCBDE0-7D0F-41A6-A2A9-EA0D70F4FE3C}.Release|Any CPU.Build.0 = Release|Any CPU
		{C1E3DDBA-4ACB-4B22-9011-9EFAAA82B4EE}.Debug|Any CPU.ActiveCfg = Debug|Any CPU
		{C1E3DDBA-4ACB-4B22-9011-9EFAAA82B4EE}.Debug|Any CPU.Build.0 = Debug|Any CPU
		{C1E3DDBA-4ACB-4B22-9011-9EFAAA82B4EE}.Release|Any CPU.ActiveCfg = Release|Any CPU
		{C1E3DDBA-4ACB-4B22-9011-9EFAAA82B4EE}.Release|Any CPU.Build.0 = Release|Any CPU
		{34B64E51-2AE4-40A7-84C7-94ADB1589039}.Debug|Any CPU.ActiveCfg = Debug|Any CPU
		{34B64E51-2AE4-40A7-84C7-94ADB1589039}.Debug|Any CPU.Build.0 = Debug|Any CPU
		{34B64E51-2AE4-40A7-84C7-94ADB1589039}.Release|Any CPU.ActiveCfg = Release|Any CPU
		{34B64E51-2AE4-40A7-84C7-94ADB1589039}.Release|Any CPU.Build.0 = Release|Any CPU
	EndGlobalSection
	GlobalSection(SolutionProperties) = preSolution
		HideSolutionNode = FALSE
	EndGlobalSection
	GlobalSection(ExtensibilityGlobals) = postSolution
		SolutionGuid = {DE539B33-48F0-4689-9430-8841043D57C0}
	EndGlobalSection
EndGlobal
